// !$*UTF8*$!
{
	archiveVersion = 1;
	classes = {
	};
	objectVersion = 46;
	objects = {

/* Begin PBXBuildFile section */
		840A817C1AF812BA0025BC6C /* UKLibraryAPI.m in Sources */ = {isa = PBXBuildFile; fileRef = 840A817B1AF812BA0025BC6C /* UKLibraryAPI.m */; };
		8430EBF21B015AE100DC1959 /* User+Create.m in Sources */ = {isa = PBXBuildFile; fileRef = 8430EBF11B015AE100DC1959 /* User+Create.m */; };
		8430EBF91B01630D00DC1959 /* CoreDataTableViewController.m in Sources */ = {isa = PBXBuildFile; fileRef = 8430EBF81B01630D00DC1959 /* CoreDataTableViewController.m */; };
		8430EBFC1B01639700DC1959 /* UKTripTableVC.m in Sources */ = {isa = PBXBuildFile; fileRef = 8430EBFB1B01639700DC1959 /* UKTripTableVC.m */; };
		8430EC0C1B01FABD00DC1959 /* Trip.m in Sources */ = {isa = PBXBuildFile; fileRef = 8430EC0B1B01FABD00DC1959 /* Trip.m */; };
		8430EC0F1B01FABD00DC1959 /* UserWithTrip.m in Sources */ = {isa = PBXBuildFile; fileRef = 8430EC0E1B01FABD00DC1959 /* UserWithTrip.m */; };
		8430EC121B01FAF400DC1959 /* Trip+Create.m in Sources */ = {isa = PBXBuildFile; fileRef = 8430EC111B01FAF400DC1959 /* Trip+Create.m */; };
		8430EC151B02253D00DC1959 /* TempTrip.m in Sources */ = {isa = PBXBuildFile; fileRef = 8430EC141B02253D00DC1959 /* TempTrip.m */; };
		8430EC181B02550900DC1959 /* TripFormStartDateVC.m in Sources */ = {isa = PBXBuildFile; fileRef = 8430EC171B02550900DC1959 /* TripFormStartDateVC.m */; };
		8430EC1B1B02552A00DC1959 /* TripFormEndDateVC.m in Sources */ = {isa = PBXBuildFile; fileRef = 8430EC1A1B02552A00DC1959 /* TripFormEndDateVC.m */; };
		8430EC1E1B02554C00DC1959 /* TripFormDestinationVC.m in Sources */ = {isa = PBXBuildFile; fileRef = 8430EC1D1B02554C00DC1959 /* TripFormDestinationVC.m */; };
		8430EC211B03CDA400DC1959 /* UKReportTopInitialDatePopoverVC.m in Sources */ = {isa = PBXBuildFile; fileRef = 8430EC201B03CDA400DC1959 /* UKReportTopInitialDatePopoverVC.m */; };
		8430EC271B03DEF900DC1959 /* User.m in Sources */ = {isa = PBXBuildFile; fileRef = 8430EC261B03DEF900DC1959 /* User.m */; };
		8430EC2E1B04B33E00DC1959 /* NSUserDefaults+AccessoryMethods.m in Sources */ = {isa = PBXBuildFile; fileRef = 8430EC2D1B04B33E00DC1959 /* NSUserDefaults+AccessoryMethods.m */; };
		8430EC311B04EF1400DC1959 /* UserWithTrip+DeleteRules.m in Sources */ = {isa = PBXBuildFile; fileRef = 8430EC301B04EF1400DC1959 /* UserWithTrip+DeleteRules.m */; };
		8452048B1AEA4AD600E535FD /* main.m in Sources */ = {isa = PBXBuildFile; fileRef = 8452048A1AEA4AD600E535FD /* main.m */; };
		8452048E1AEA4AD600E535FD /* AppDelegate.m in Sources */ = {isa = PBXBuildFile; fileRef = 8452048D1AEA4AD600E535FD /* AppDelegate.m */; };
		845204911AEA4AD600E535FD /* UK_Resident.xcdatamodeld in Sources */ = {isa = PBXBuildFile; fileRef = 8452048F1AEA4AD600E535FD /* UK_Resident.xcdatamodeld */; };
		845204971AEA4AD600E535FD /* Main.storyboard in Resources */ = {isa = PBXBuildFile; fileRef = 845204951AEA4AD600E535FD /* Main.storyboard */; };
		845204991AEA4AD600E535FD /* Images.xcassets in Resources */ = {isa = PBXBuildFile; fileRef = 845204981AEA4AD600E535FD /* Images.xcassets */; };
		8452049C1AEA4AD600E535FD /* LaunchScreen.xib in Resources */ = {isa = PBXBuildFile; fileRef = 8452049A1AEA4AD600E535FD /* LaunchScreen.xib */; };
		845204A81AEA4AD600E535FD /* UK_ResidentTests.m in Sources */ = {isa = PBXBuildFile; fileRef = 845204A71AEA4AD600E535FD /* UK_ResidentTests.m */; };
		845204B61AECFD4900E535FD /* UKCalendarTableViewController.m in Sources */ = {isa = PBXBuildFile; fileRef = 845204B51AECFD4900E535FD /* UKCalendarTableViewController.m */; };
		845204B91AEE270700E535FD /* UKCalendarWeekCell.m in Sources */ = {isa = PBXBuildFile; fileRef = 845204B81AEE270700E535FD /* UKCalendarWeekCell.m */; };
		845204BC1AEE63D500E535FD /* UKCalendarTableView.m in Sources */ = {isa = PBXBuildFile; fileRef = 845204BB1AEE63D500E535FD /* UKCalendarTableView.m */; };
		845204BF1AEECE2C00E535FD /* UKCalendarUnit.m in Sources */ = {isa = PBXBuildFile; fileRef = 845204BE1AEECE2C00E535FD /* UKCalendarUnit.m */; };
		845204C31AEEE70000E535FD /* NSDate+UKResident.m in Sources */ = {isa = PBXBuildFile; fileRef = 845204C21AEEE70000E535FD /* NSDate+UKResident.m */; };
		845204C61AEF004900E535FD /* UKCalendarWeek.m in Sources */ = {isa = PBXBuildFile; fileRef = 845204C51AEF004900E535FD /* UKCalendarWeek.m */; };
		845204C91AEFD3BB00E535FD /* UKCalendarMonthCell.m in Sources */ = {isa = PBXBuildFile; fileRef = 845204C81AEFD3BB00E535FD /* UKCalendarMonthCell.m */; };
		845204CC1AEFDA5E00E535FD /* NSDateFormatter+UKResident.m in Sources */ = {isa = PBXBuildFile; fileRef = 845204CB1AEFDA5E00E535FD /* NSDateFormatter+UKResident.m */; };
		845204CF1AF03CA800E535FD /* UKMasterViewController.m in Sources */ = {isa = PBXBuildFile; fileRef = 845204CE1AF03CA800E535FD /* UKMasterViewController.m */; };
		845204D21AF0F5E000E535FD /* UIButton+UKRecord.m in Sources */ = {isa = PBXBuildFile; fileRef = 845204D11AF0F5E000E535FD /* UIButton+UKRecord.m */; };
		845204D51AF0FFD500E535FD /* UKReportViewController.m in Sources */ = {isa = PBXBuildFile; fileRef = 845204D41AF0FFD500E535FD /* UKReportViewController.m */; };
		845204D81AF1176C00E535FD /* UKReportBottomCVC.m in Sources */ = {isa = PBXBuildFile; fileRef = 845204D71AF1176C00E535FD /* UKReportBottomCVC.m */; };
		845204DB1AF1179200E535FD /* UKReportCenterCVC.m in Sources */ = {isa = PBXBuildFile; fileRef = 845204DA1AF1179200E535FD /* UKReportCenterCVC.m */; };
		845204DE1AF117BD00E535FD /* UKReportTopCVC.m in Sources */ = {isa = PBXBuildFile; fileRef = 845204DD1AF117BD00E535FD /* UKReportTopCVC.m */; };
		845204E11AF1743F00E535FD /* UKTripViewController.m in Sources */ = {isa = PBXBuildFile; fileRef = 845204E01AF1743F00E535FD /* UKTripViewController.m */; };
		845204E41AF1747300E535FD /* UKWarningViewController.m in Sources */ = {isa = PBXBuildFile; fileRef = 845204E31AF1747300E535FD /* UKWarningViewController.m */; };
		845204EB1AF2AD5C00E535FD /* UKReportTopDiagramVC.m in Sources */ = {isa = PBXBuildFile; fileRef = 845204EA1AF2AD5C00E535FD /* UKReportTopDiagramVC.m */; };
		845204EE1AF3E83E00E535FD /* NSString+UKResident.m in Sources */ = {isa = PBXBuildFile; fileRef = 845204ED1AF3E83E00E535FD /* NSString+UKResident.m */; };
		847F4C251AF451F700831F11 /* UKReportCenterMainView.m in Sources */ = {isa = PBXBuildFile; fileRef = 847F4C241AF451F700831F11 /* UKReportCenterMainView.m */; };
		847F4C281AF5311500831F11 /* CALayer+RuntimeAttributes.m in Sources */ = {isa = PBXBuildFile; fileRef = 847F4C271AF5311500831F11 /* CALayer+RuntimeAttributes.m */; };
		847F4C2B1AF553FD00831F11 /* UKTripAddFormViewController.m in Sources */ = {isa = PBXBuildFile; fileRef = 847F4C2A1AF553FD00831F11 /* UKTripAddFormViewController.m */; };
		847F4C2E1AF5543F00831F11 /* FormButton.m in Sources */ = {isa = PBXBuildFile; fileRef = 847F4C2D1AF5543F00831F11 /* FormButton.m */; };
		847F4C311AF554A400831F11 /* UIColor+UKResident.m in Sources */ = {isa = PBXBuildFile; fileRef = 847F4C301AF554A400831F11 /* UIColor+UKResident.m */; };
		847F4C341AF55FB400831F11 /* UKTripFormTableViewController.m in Sources */ = {isa = PBXBuildFile; fileRef = 847F4C331AF55FB400831F11 /* UKTripFormTableViewController.m */; };
		849601741B08B43F00CEA0E7 /* WarningTrip.m in Sources */ = {isa = PBXBuildFile; fileRef = 849601731B08B43F00CEA0E7 /* WarningTrip.m */; };
		849601771B08CCE900CEA0E7 /* UKWarningNavigationController.m in Sources */ = {isa = PBXBuildFile; fileRef = 849601761B08CCE900CEA0E7 /* UKWarningNavigationController.m */; };
		849601791B08E9E600CEA0E7 /* UKWarningTableHeaderView.xib in Resources */ = {isa = PBXBuildFile; fileRef = 849601781B08E9E600CEA0E7 /* UKWarningTableHeaderView.xib */; };
		8496017C1B08EB3900CEA0E7 /* UKWarningTableVC.m in Sources */ = {isa = PBXBuildFile; fileRef = 8496017B1B08EB3900CEA0E7 /* UKWarningTableVC.m */; };
		8496017F1B08F5BF00CEA0E7 /* UKWarningTableHeaderView.m in Sources */ = {isa = PBXBuildFile; fileRef = 8496017E1B08F5BF00CEA0E7 /* UKWarningTableHeaderView.m */; };
		84B8EAD51B0CB8D100B1C1FC /* UKUserPopoverTableVC.m in Sources */ = {isa = PBXBuildFile; fileRef = 84B8EAD41B0CB8D100B1C1FC /* UKUserPopoverTableVC.m */; };
		84B8EAD81B0CC29600B1C1FC /* UKUserTableCell.m in Sources */ = {isa = PBXBuildFile; fileRef = 84B8EAD71B0CC29600B1C1FC /* UKUserTableCell.m */; };
		84B8EADB1B0CF50D00B1C1FC /* UKUserEditVC.m in Sources */ = {isa = PBXBuildFile; fileRef = 84B8EADA1B0CF50D00B1C1FC /* UKUserEditVC.m */; };
		84CA158D1AFCD9590065044F /* GraphRoundView.m in Sources */ = {isa = PBXBuildFile; fileRef = 84CA158C1AFCD9590065044F /* GraphRoundView.m */; };
/* End PBXBuildFile section */

/* Begin PBXContainerItemProxy section */
		845204A21AEA4AD600E535FD /* PBXContainerItemProxy */ = {
			isa = PBXContainerItemProxy;
			containerPortal = 8452047D1AEA4AD600E535FD /* Project object */;
			proxyType = 1;
			remoteGlobalIDString = 845204841AEA4AD600E535FD;
			remoteInfo = "UK Resident";
		};
/* End PBXContainerItemProxy section */

/* Begin PBXFileReference section */
		840A817A1AF812BA0025BC6C /* UKLibraryAPI.h */ = {isa = PBXFileReference; fileEncoding = 4; lastKnownFileType = sourcecode.c.h; path = UKLibraryAPI.h; sourceTree = "<group>"; };
		840A817B1AF812BA0025BC6C /* UKLibraryAPI.m */ = {isa = PBXFileReference; fileEncoding = 4; lastKnownFileType = sourcecode.c.objc; path = UKLibraryAPI.m; sourceTree = "<group>"; };
		8430EBF01B015AE100DC1959 /* User+Create.h */ = {isa = PBXFileReference; fileEncoding = 4; lastKnownFileType = sourcecode.c.h; name = "User+Create.h"; path = "CoreData/User+Create.h"; sourceTree = "<group>"; };
		8430EBF11B015AE100DC1959 /* User+Create.m */ = {isa = PBXFileReference; fileEncoding = 4; lastKnownFileType = sourcecode.c.objc; name = "User+Create.m"; path = "CoreData/User+Create.m"; sourceTree = "<group>"; };
		8430EBF71B01630D00DC1959 /* CoreDataTableViewController.h */ = {isa = PBXFileReference; fileEncoding = 4; lastKnownFileType = sourcecode.c.h; path = CoreDataTableViewController.h; sourceTree = "<group>"; };
		8430EBF81B01630D00DC1959 /* CoreDataTableViewController.m */ = {isa = PBXFileReference; fileEncoding = 4; lastKnownFileType = sourcecode.c.objc; path = CoreDataTableViewController.m; sourceTree = "<group>"; };
		8430EBFA1B01639700DC1959 /* UKTripTableVC.h */ = {isa = PBXFileReference; fileEncoding = 4; lastKnownFileType = sourcecode.c.h; path = UKTripTableVC.h; sourceTree = "<group>"; };
		8430EBFB1B01639700DC1959 /* UKTripTableVC.m */ = {isa = PBXFileReference; fileEncoding = 4; lastKnownFileType = sourcecode.c.objc; path = UKTripTableVC.m; sourceTree = "<group>"; };
		8430EC0A1B01FABD00DC1959 /* Trip.h */ = {isa = PBXFileReference; fileEncoding = 4; lastKnownFileType = sourcecode.c.h; name = Trip.h; path = CoreData/Trip.h; sourceTree = "<group>"; };
		8430EC0B1B01FABD00DC1959 /* Trip.m */ = {isa = PBXFileReference; fileEncoding = 4; lastKnownFileType = sourcecode.c.objc; name = Trip.m; path = CoreData/Trip.m; sourceTree = "<group>"; };
		8430EC0D1B01FABD00DC1959 /* UserWithTrip.h */ = {isa = PBXFileReference; fileEncoding = 4; lastKnownFileType = sourcecode.c.h; name = UserWithTrip.h; path = CoreData/UserWithTrip.h; sourceTree = "<group>"; };
		8430EC0E1B01FABD00DC1959 /* UserWithTrip.m */ = {isa = PBXFileReference; fileEncoding = 4; lastKnownFileType = sourcecode.c.objc; name = UserWithTrip.m; path = CoreData/UserWithTrip.m; sourceTree = "<group>"; };
		8430EC101B01FAF400DC1959 /* Trip+Create.h */ = {isa = PBXFileReference; fileEncoding = 4; lastKnownFileType = sourcecode.c.h; path = "Trip+Create.h"; sourceTree = "<group>"; };
		8430EC111B01FAF400DC1959 /* Trip+Create.m */ = {isa = PBXFileReference; fileEncoding = 4; lastKnownFileType = sourcecode.c.objc; path = "Trip+Create.m"; sourceTree = "<group>"; };
		8430EC131B02253D00DC1959 /* TempTrip.h */ = {isa = PBXFileReference; fileEncoding = 4; lastKnownFileType = sourcecode.c.h; name = TempTrip.h; path = CoreData/TempTrip.h; sourceTree = "<group>"; };
		8430EC141B02253D00DC1959 /* TempTrip.m */ = {isa = PBXFileReference; fileEncoding = 4; lastKnownFileType = sourcecode.c.objc; name = TempTrip.m; path = CoreData/TempTrip.m; sourceTree = "<group>"; };
		8430EC161B02550900DC1959 /* TripFormStartDateVC.h */ = {isa = PBXFileReference; fileEncoding = 4; lastKnownFileType = sourcecode.c.h; path = TripFormStartDateVC.h; sourceTree = "<group>"; };
		8430EC171B02550900DC1959 /* TripFormStartDateVC.m */ = {isa = PBXFileReference; fileEncoding = 4; lastKnownFileType = sourcecode.c.objc; path = TripFormStartDateVC.m; sourceTree = "<group>"; };
		8430EC191B02552A00DC1959 /* TripFormEndDateVC.h */ = {isa = PBXFileReference; fileEncoding = 4; lastKnownFileType = sourcecode.c.h; path = TripFormEndDateVC.h; sourceTree = "<group>"; };
		8430EC1A1B02552A00DC1959 /* TripFormEndDateVC.m */ = {isa = PBXFileReference; fileEncoding = 4; lastKnownFileType = sourcecode.c.objc; path = TripFormEndDateVC.m; sourceTree = "<group>"; };
		8430EC1C1B02554C00DC1959 /* TripFormDestinationVC.h */ = {isa = PBXFileReference; fileEncoding = 4; lastKnownFileType = sourcecode.c.h; path = TripFormDestinationVC.h; sourceTree = "<group>"; };
		8430EC1D1B02554C00DC1959 /* TripFormDestinationVC.m */ = {isa = PBXFileReference; fileEncoding = 4; lastKnownFileType = sourcecode.c.objc; path = TripFormDestinationVC.m; sourceTree = "<group>"; };
		8430EC1F1B03CDA400DC1959 /* UKReportTopInitialDatePopoverVC.h */ = {isa = PBXFileReference; fileEncoding = 4; lastKnownFileType = sourcecode.c.h; path = UKReportTopInitialDatePopoverVC.h; sourceTree = "<group>"; };
		8430EC201B03CDA400DC1959 /* UKReportTopInitialDatePopoverVC.m */ = {isa = PBXFileReference; fileEncoding = 4; lastKnownFileType = sourcecode.c.objc; path = UKReportTopInitialDatePopoverVC.m; sourceTree = "<group>"; };
		8430EC251B03DEF900DC1959 /* User.h */ = {isa = PBXFileReference; fileEncoding = 4; lastKnownFileType = sourcecode.c.h; name = User.h; path = CoreData/User.h; sourceTree = "<group>"; };
		8430EC261B03DEF900DC1959 /* User.m */ = {isa = PBXFileReference; fileEncoding = 4; lastKnownFileType = sourcecode.c.objc; name = User.m; path = CoreData/User.m; sourceTree = "<group>"; };
		8430EC2C1B04B33E00DC1959 /* NSUserDefaults+AccessoryMethods.h */ = {isa = PBXFileReference; fileEncoding = 4; lastKnownFileType = sourcecode.c.h; path = "NSUserDefaults+AccessoryMethods.h"; sourceTree = "<group>"; };
		8430EC2D1B04B33E00DC1959 /* NSUserDefaults+AccessoryMethods.m */ = {isa = PBXFileReference; fileEncoding = 4; lastKnownFileType = sourcecode.c.objc; path = "NSUserDefaults+AccessoryMethods.m"; sourceTree = "<group>"; };
		8430EC2F1B04EF1400DC1959 /* UserWithTrip+DeleteRules.h */ = {isa = PBXFileReference; fileEncoding = 4; lastKnownFileType = sourcecode.c.h; name = "UserWithTrip+DeleteRules.h"; path = "CoreData/UserWithTrip+DeleteRules.h"; sourceTree = "<group>"; };
		8430EC301B04EF1400DC1959 /* UserWithTrip+DeleteRules.m */ = {isa = PBXFileReference; fileEncoding = 4; lastKnownFileType = sourcecode.c.objc; name = "UserWithTrip+DeleteRules.m"; path = "CoreData/UserWithTrip+DeleteRules.m"; sourceTree = "<group>"; };
		845204851AEA4AD600E535FD /* UK Resident.app */ = {isa = PBXFileReference; explicitFileType = wrapper.application; includeInIndex = 0; path = "UK Resident.app"; sourceTree = BUILT_PRODUCTS_DIR; };
		845204891AEA4AD600E535FD /* Info.plist */ = {isa = PBXFileReference; lastKnownFileType = text.plist.xml; path = Info.plist; sourceTree = "<group>"; };
		8452048A1AEA4AD600E535FD /* main.m */ = {isa = PBXFileReference; lastKnownFileType = sourcecode.c.objc; path = main.m; sourceTree = "<group>"; };
		8452048C1AEA4AD600E535FD /* AppDelegate.h */ = {isa = PBXFileReference; lastKnownFileType = sourcecode.c.h; path = AppDelegate.h; sourceTree = "<group>"; };
		8452048D1AEA4AD600E535FD /* AppDelegate.m */ = {isa = PBXFileReference; lastKnownFileType = sourcecode.c.objc; path = AppDelegate.m; sourceTree = "<group>"; };
		845204901AEA4AD600E535FD /* UK_Resident.xcdatamodel */ = {isa = PBXFileReference; lastKnownFileType = wrapper.xcdatamodel; path = UK_Resident.xcdatamodel; sourceTree = "<group>"; };
		845204961AEA4AD600E535FD /* Base */ = {isa = PBXFileReference; lastKnownFileType = file.storyboard; name = Base; path = Base.lproj/Main.storyboard; sourceTree = "<group>"; };
		845204981AEA4AD600E535FD /* Images.xcassets */ = {isa = PBXFileReference; lastKnownFileType = folder.assetcatalog; path = Images.xcassets; sourceTree = "<group>"; };
		8452049B1AEA4AD600E535FD /* Base */ = {isa = PBXFileReference; lastKnownFileType = file.xib; name = Base; path = Base.lproj/LaunchScreen.xib; sourceTree = "<group>"; };
		845204A11AEA4AD600E535FD /* UK ResidentTests.xctest */ = {isa = PBXFileReference; explicitFileType = wrapper.cfbundle; includeInIndex = 0; path = "UK ResidentTests.xctest"; sourceTree = BUILT_PRODUCTS_DIR; };
		845204A61AEA4AD600E535FD /* Info.plist */ = {isa = PBXFileReference; lastKnownFileType = text.plist.xml; path = Info.plist; sourceTree = "<group>"; };
		845204A71AEA4AD600E535FD /* UK_ResidentTests.m */ = {isa = PBXFileReference; lastKnownFileType = sourcecode.c.objc; path = UK_ResidentTests.m; sourceTree = "<group>"; };
		845204B41AECFD4900E535FD /* UKCalendarTableViewController.h */ = {isa = PBXFileReference; fileEncoding = 4; lastKnownFileType = sourcecode.c.h; path = UKCalendarTableViewController.h; sourceTree = "<group>"; };
		845204B51AECFD4900E535FD /* UKCalendarTableViewController.m */ = {isa = PBXFileReference; fileEncoding = 4; lastKnownFileType = sourcecode.c.objc; path = UKCalendarTableViewController.m; sourceTree = "<group>"; };
		845204B71AEE270700E535FD /* UKCalendarWeekCell.h */ = {isa = PBXFileReference; fileEncoding = 4; lastKnownFileType = sourcecode.c.h; path = UKCalendarWeekCell.h; sourceTree = "<group>"; };
		845204B81AEE270700E535FD /* UKCalendarWeekCell.m */ = {isa = PBXFileReference; fileEncoding = 4; lastKnownFileType = sourcecode.c.objc; path = UKCalendarWeekCell.m; sourceTree = "<group>"; };
		845204BA1AEE63D500E535FD /* UKCalendarTableView.h */ = {isa = PBXFileReference; fileEncoding = 4; lastKnownFileType = sourcecode.c.h; path = UKCalendarTableView.h; sourceTree = "<group>"; };
		845204BB1AEE63D500E535FD /* UKCalendarTableView.m */ = {isa = PBXFileReference; fileEncoding = 4; lastKnownFileType = sourcecode.c.objc; path = UKCalendarTableView.m; sourceTree = "<group>"; };
		845204BD1AEECE2C00E535FD /* UKCalendarUnit.h */ = {isa = PBXFileReference; fileEncoding = 4; lastKnownFileType = sourcecode.c.h; path = UKCalendarUnit.h; sourceTree = "<group>"; };
		845204BE1AEECE2C00E535FD /* UKCalendarUnit.m */ = {isa = PBXFileReference; fileEncoding = 4; lastKnownFileType = sourcecode.c.objc; path = UKCalendarUnit.m; sourceTree = "<group>"; };
		845204C11AEEE70000E535FD /* NSDate+UKResident.h */ = {isa = PBXFileReference; fileEncoding = 4; lastKnownFileType = sourcecode.c.h; path = "NSDate+UKResident.h"; sourceTree = "<group>"; };
		845204C21AEEE70000E535FD /* NSDate+UKResident.m */ = {isa = PBXFileReference; fileEncoding = 4; lastKnownFileType = sourcecode.c.objc; path = "NSDate+UKResident.m"; sourceTree = "<group>"; };
		845204C41AEF004900E535FD /* UKCalendarWeek.h */ = {isa = PBXFileReference; fileEncoding = 4; lastKnownFileType = sourcecode.c.h; path = UKCalendarWeek.h; sourceTree = "<group>"; };
		845204C51AEF004900E535FD /* UKCalendarWeek.m */ = {isa = PBXFileReference; fileEncoding = 4; lastKnownFileType = sourcecode.c.objc; path = UKCalendarWeek.m; sourceTree = "<group>"; };
		845204C71AEFD3BB00E535FD /* UKCalendarMonthCell.h */ = {isa = PBXFileReference; fileEncoding = 4; lastKnownFileType = sourcecode.c.h; path = UKCalendarMonthCell.h; sourceTree = "<group>"; };
		845204C81AEFD3BB00E535FD /* UKCalendarMonthCell.m */ = {isa = PBXFileReference; fileEncoding = 4; lastKnownFileType = sourcecode.c.objc; path = UKCalendarMonthCell.m; sourceTree = "<group>"; };
		845204CA1AEFDA5E00E535FD /* NSDateFormatter+UKResident.h */ = {isa = PBXFileReference; fileEncoding = 4; lastKnownFileType = sourcecode.c.h; path = "NSDateFormatter+UKResident.h"; sourceTree = "<group>"; };
		845204CB1AEFDA5E00E535FD /* NSDateFormatter+UKResident.m */ = {isa = PBXFileReference; fileEncoding = 4; lastKnownFileType = sourcecode.c.objc; path = "NSDateFormatter+UKResident.m"; sourceTree = "<group>"; };
		845204CD1AF03CA800E535FD /* UKMasterViewController.h */ = {isa = PBXFileReference; fileEncoding = 4; lastKnownFileType = sourcecode.c.h; path = UKMasterViewController.h; sourceTree = "<group>"; };
		845204CE1AF03CA800E535FD /* UKMasterViewController.m */ = {isa = PBXFileReference; fileEncoding = 4; lastKnownFileType = sourcecode.c.objc; path = UKMasterViewController.m; sourceTree = "<group>"; };
		845204D01AF0F5E000E535FD /* UIButton+UKRecord.h */ = {isa = PBXFileReference; fileEncoding = 4; lastKnownFileType = sourcecode.c.h; path = "UIButton+UKRecord.h"; sourceTree = "<group>"; };
		845204D11AF0F5E000E535FD /* UIButton+UKRecord.m */ = {isa = PBXFileReference; fileEncoding = 4; lastKnownFileType = sourcecode.c.objc; path = "UIButton+UKRecord.m"; sourceTree = "<group>"; };
		845204D31AF0FFD500E535FD /* UKReportViewController.h */ = {isa = PBXFileReference; fileEncoding = 4; lastKnownFileType = sourcecode.c.h; path = UKReportViewController.h; sourceTree = "<group>"; };
		845204D41AF0FFD500E535FD /* UKReportViewController.m */ = {isa = PBXFileReference; fileEncoding = 4; lastKnownFileType = sourcecode.c.objc; path = UKReportViewController.m; sourceTree = "<group>"; };
		845204D61AF1176C00E535FD /* UKReportBottomCVC.h */ = {isa = PBXFileReference; fileEncoding = 4; lastKnownFileType = sourcecode.c.h; path = UKReportBottomCVC.h; sourceTree = "<group>"; };
		845204D71AF1176C00E535FD /* UKReportBottomCVC.m */ = {isa = PBXFileReference; fileEncoding = 4; lastKnownFileType = sourcecode.c.objc; path = UKReportBottomCVC.m; sourceTree = "<group>"; };
		845204D91AF1179200E535FD /* UKReportCenterCVC.h */ = {isa = PBXFileReference; fileEncoding = 4; lastKnownFileType = sourcecode.c.h; path = UKReportCenterCVC.h; sourceTree = "<group>"; };
		845204DA1AF1179200E535FD /* UKReportCenterCVC.m */ = {isa = PBXFileReference; fileEncoding = 4; lastKnownFileType = sourcecode.c.objc; path = UKReportCenterCVC.m; sourceTree = "<group>"; };
		845204DC1AF117BD00E535FD /* UKReportTopCVC.h */ = {isa = PBXFileReference; fileEncoding = 4; lastKnownFileType = sourcecode.c.h; path = UKReportTopCVC.h; sourceTree = "<group>"; };
		845204DD1AF117BD00E535FD /* UKReportTopCVC.m */ = {isa = PBXFileReference; fileEncoding = 4; lastKnownFileType = sourcecode.c.objc; path = UKReportTopCVC.m; sourceTree = "<group>"; };
		845204DF1AF1743F00E535FD /* UKTripViewController.h */ = {isa = PBXFileReference; fileEncoding = 4; lastKnownFileType = sourcecode.c.h; path = UKTripViewController.h; sourceTree = "<group>"; };
		845204E01AF1743F00E535FD /* UKTripViewController.m */ = {isa = PBXFileReference; fileEncoding = 4; lastKnownFileType = sourcecode.c.objc; path = UKTripViewController.m; sourceTree = "<group>"; };
		845204E21AF1747300E535FD /* UKWarningViewController.h */ = {isa = PBXFileReference; fileEncoding = 4; lastKnownFileType = sourcecode.c.h; path = UKWarningViewController.h; sourceTree = "<group>"; };
		845204E31AF1747300E535FD /* UKWarningViewController.m */ = {isa = PBXFileReference; fileEncoding = 4; lastKnownFileType = sourcecode.c.objc; path = UKWarningViewController.m; sourceTree = "<group>"; };
		845204E91AF2AD5C00E535FD /* UKReportTopDiagramVC.h */ = {isa = PBXFileReference; fileEncoding = 4; lastKnownFileType = sourcecode.c.h; path = UKReportTopDiagramVC.h; sourceTree = "<group>"; };
		845204EA1AF2AD5C00E535FD /* UKReportTopDiagramVC.m */ = {isa = PBXFileReference; fileEncoding = 4; lastKnownFileType = sourcecode.c.objc; path = UKReportTopDiagramVC.m; sourceTree = "<group>"; };
		845204EC1AF3E83E00E535FD /* NSString+UKResident.h */ = {isa = PBXFileReference; fileEncoding = 4; lastKnownFileType = sourcecode.c.h; path = "NSString+UKResident.h"; sourceTree = "<group>"; };
		845204ED1AF3E83E00E535FD /* NSString+UKResident.m */ = {isa = PBXFileReference; fileEncoding = 4; lastKnownFileType = sourcecode.c.objc; path = "NSString+UKResident.m"; sourceTree = "<group>"; };
		847F4C231AF451F700831F11 /* UKReportCenterMainView.h */ = {isa = PBXFileReference; fileEncoding = 4; lastKnownFileType = sourcecode.c.h; path = UKReportCenterMainView.h; sourceTree = "<group>"; };
		847F4C241AF451F700831F11 /* UKReportCenterMainView.m */ = {isa = PBXFileReference; fileEncoding = 4; lastKnownFileType = sourcecode.c.objc; path = UKReportCenterMainView.m; sourceTree = "<group>"; };
		847F4C261AF5311500831F11 /* CALayer+RuntimeAttributes.h */ = {isa = PBXFileReference; fileEncoding = 4; lastKnownFileType = sourcecode.c.h; path = "CALayer+RuntimeAttributes.h"; sourceTree = "<group>"; };
		847F4C271AF5311500831F11 /* CALayer+RuntimeAttributes.m */ = {isa = PBXFileReference; fileEncoding = 4; lastKnownFileType = sourcecode.c.objc; path = "CALayer+RuntimeAttributes.m"; sourceTree = "<group>"; };
		847F4C291AF553FD00831F11 /* UKTripAddFormViewController.h */ = {isa = PBXFileReference; fileEncoding = 4; lastKnownFileType = sourcecode.c.h; path = UKTripAddFormViewController.h; sourceTree = "<group>"; };
		847F4C2A1AF553FD00831F11 /* UKTripAddFormViewController.m */ = {isa = PBXFileReference; fileEncoding = 4; lastKnownFileType = sourcecode.c.objc; path = UKTripAddFormViewController.m; sourceTree = "<group>"; };
		847F4C2C1AF5543F00831F11 /* FormButton.h */ = {isa = PBXFileReference; fileEncoding = 4; lastKnownFileType = sourcecode.c.h; path = FormButton.h; sourceTree = "<group>"; };
		847F4C2D1AF5543F00831F11 /* FormButton.m */ = {isa = PBXFileReference; fileEncoding = 4; lastKnownFileType = sourcecode.c.objc; path = FormButton.m; sourceTree = "<group>"; };
		847F4C2F1AF554A400831F11 /* UIColor+UKResident.h */ = {isa = PBXFileReference; fileEncoding = 4; lastKnownFileType = sourcecode.c.h; path = "UIColor+UKResident.h"; sourceTree = "<group>"; };
		847F4C301AF554A400831F11 /* UIColor+UKResident.m */ = {isa = PBXFileReference; fileEncoding = 4; lastKnownFileType = sourcecode.c.objc; path = "UIColor+UKResident.m"; sourceTree = "<group>"; };
		847F4C321AF55FB400831F11 /* UKTripFormTableViewController.h */ = {isa = PBXFileReference; fileEncoding = 4; lastKnownFileType = sourcecode.c.h; path = UKTripFormTableViewController.h; sourceTree = "<group>"; };
		847F4C331AF55FB400831F11 /* UKTripFormTableViewController.m */ = {isa = PBXFileReference; fileEncoding = 4; lastKnownFileType = sourcecode.c.objc; path = UKTripFormTableViewController.m; sourceTree = "<group>"; };
		849601711B089B7D00CEA0E7 /* UKNotifications.h */ = {isa = PBXFileReference; lastKnownFileType = sourcecode.c.h; path = UKNotifications.h; sourceTree = "<group>"; };
		849601721B08B43F00CEA0E7 /* WarningTrip.h */ = {isa = PBXFileReference; fileEncoding = 4; lastKnownFileType = sourcecode.c.h; path = WarningTrip.h; sourceTree = "<group>"; };
		849601731B08B43F00CEA0E7 /* WarningTrip.m */ = {isa = PBXFileReference; fileEncoding = 4; lastKnownFileType = sourcecode.c.objc; path = WarningTrip.m; sourceTree = "<group>"; };
		849601751B08CCE900CEA0E7 /* UKWarningNavigationController.h */ = {isa = PBXFileReference; fileEncoding = 4; lastKnownFileType = sourcecode.c.h; path = UKWarningNavigationController.h; sourceTree = "<group>"; };
		849601761B08CCE900CEA0E7 /* UKWarningNavigationController.m */ = {isa = PBXFileReference; fileEncoding = 4; lastKnownFileType = sourcecode.c.objc; path = UKWarningNavigationController.m; sourceTree = "<group>"; };
		849601781B08E9E600CEA0E7 /* UKWarningTableHeaderView.xib */ = {isa = PBXFileReference; fileEncoding = 4; lastKnownFileType = file.xib; path = UKWarningTableHeaderView.xib; sourceTree = "<group>"; };
		8496017A1B08EB3900CEA0E7 /* UKWarningTableVC.h */ = {isa = PBXFileReference; fileEncoding = 4; lastKnownFileType = sourcecode.c.h; path = UKWarningTableVC.h; sourceTree = "<group>"; };
		8496017B1B08EB3900CEA0E7 /* UKWarningTableVC.m */ = {isa = PBXFileReference; fileEncoding = 4; lastKnownFileType = sourcecode.c.objc; path = UKWarningTableVC.m; sourceTree = "<group>"; };
		8496017D1B08F5BF00CEA0E7 /* UKWarningTableHeaderView.h */ = {isa = PBXFileReference; fileEncoding = 4; lastKnownFileType = sourcecode.c.h; path = UKWarningTableHeaderView.h; sourceTree = "<group>"; };
		8496017E1B08F5BF00CEA0E7 /* UKWarningTableHeaderView.m */ = {isa = PBXFileReference; fileEncoding = 4; lastKnownFileType = sourcecode.c.objc; path = UKWarningTableHeaderView.m; sourceTree = "<group>"; };
		84B8EAD31B0CB8D100B1C1FC /* UKUserPopoverTableVC.h */ = {isa = PBXFileReference; fileEncoding = 4; lastKnownFileType = sourcecode.c.h; path = UKUserPopoverTableVC.h; sourceTree = "<group>"; };
		84B8EAD41B0CB8D100B1C1FC /* UKUserPopoverTableVC.m */ = {isa = PBXFileReference; fileEncoding = 4; lastKnownFileType = sourcecode.c.objc; path = UKUserPopoverTableVC.m; sourceTree = "<group>"; };
		84B8EAD61B0CC29600B1C1FC /* UKUserTableCell.h */ = {isa = PBXFileReference; fileEncoding = 4; lastKnownFileType = sourcecode.c.h; path = UKUserTableCell.h; sourceTree = "<group>"; };
		84B8EAD71B0CC29600B1C1FC /* UKUserTableCell.m */ = {isa = PBXFileReference; fileEncoding = 4; lastKnownFileType = sourcecode.c.objc; path = UKUserTableCell.m; sourceTree = "<group>"; };
		84B8EAD91B0CF50D00B1C1FC /* UKUserEditVC.h */ = {isa = PBXFileReference; fileEncoding = 4; lastKnownFileType = sourcecode.c.h; path = UKUserEditVC.h; sourceTree = "<group>"; };
		84B8EADA1B0CF50D00B1C1FC /* UKUserEditVC.m */ = {isa = PBXFileReference; fileEncoding = 4; lastKnownFileType = sourcecode.c.objc; path = UKUserEditVC.m; sourceTree = "<group>"; };
		84CA158B1AFCD9590065044F /* GraphRoundView.h */ = {isa = PBXFileReference; fileEncoding = 4; lastKnownFileType = sourcecode.c.h; path = GraphRoundView.h; sourceTree = "<group>"; };
		84CA158C1AFCD9590065044F /* GraphRoundView.m */ = {isa = PBXFileReference; fileEncoding = 4; lastKnownFileType = sourcecode.c.objc; path = GraphRoundView.m; sourceTree = "<group>"; };
/* End PBXFileReference section */

/* Begin PBXFrameworksBuildPhase section */
		845204821AEA4AD600E535FD /* Frameworks */ = {
			isa = PBXFrameworksBuildPhase;
			buildActionMask = 2147483647;
			files = (
			);
			runOnlyForDeploymentPostprocessing = 0;
		};
		8452049E1AEA4AD600E535FD /* Frameworks */ = {
			isa = PBXFrameworksBuildPhase;
			buildActionMask = 2147483647;
			files = (
			);
			runOnlyForDeploymentPostprocessing = 0;
		};
/* End PBXFrameworksBuildPhase section */

/* Begin PBXGroup section */
		8430EBEF1B015A5E00DC1959 /* CoreData */ = {
			isa = PBXGroup;
			children = (
				8430EC0A1B01FABD00DC1959 /* Trip.h */,
				8430EC0B1B01FABD00DC1959 /* Trip.m */,
				8430EC101B01FAF400DC1959 /* Trip+Create.h */,
				8430EC111B01FAF400DC1959 /* Trip+Create.m */,
				8430EC131B02253D00DC1959 /* TempTrip.h */,
				8430EC141B02253D00DC1959 /* TempTrip.m */,
				849601721B08B43F00CEA0E7 /* WarningTrip.h */,
				849601731B08B43F00CEA0E7 /* WarningTrip.m */,
				8430EC0D1B01FABD00DC1959 /* UserWithTrip.h */,
				8430EC0E1B01FABD00DC1959 /* UserWithTrip.m */,
				8430EC2F1B04EF1400DC1959 /* UserWithTrip+DeleteRules.h */,
				8430EC301B04EF1400DC1959 /* UserWithTrip+DeleteRules.m */,
				8430EC251B03DEF900DC1959 /* User.h */,
				8430EC261B03DEF900DC1959 /* User.m */,
				8430EBF01B015AE100DC1959 /* User+Create.h */,
				8430EBF11B015AE100DC1959 /* User+Create.m */,
			);
			name = CoreData;
			sourceTree = "<group>";
		};
		8430EBF31B01617500DC1959 /* Form */ = {
			isa = PBXGroup;
			children = (
				8430EC161B02550900DC1959 /* TripFormStartDateVC.h */,
				8430EC171B02550900DC1959 /* TripFormStartDateVC.m */,
				8430EC191B02552A00DC1959 /* TripFormEndDateVC.h */,
				8430EC1A1B02552A00DC1959 /* TripFormEndDateVC.m */,
				8430EC1C1B02554C00DC1959 /* TripFormDestinationVC.h */,
				8430EC1D1B02554C00DC1959 /* TripFormDestinationVC.m */,
				847F4C321AF55FB400831F11 /* UKTripFormTableViewController.h */,
				847F4C331AF55FB400831F11 /* UKTripFormTableViewController.m */,
				847F4C291AF553FD00831F11 /* UKTripAddFormViewController.h */,
				847F4C2A1AF553FD00831F11 /* UKTripAddFormViewController.m */,
			);
			name = Form;
			sourceTree = "<group>";
		};
		8452047C1AEA4AD600E535FD = {
			isa = PBXGroup;
			children = (
				845204871AEA4AD600E535FD /* UK Resident */,
				845204A41AEA4AD600E535FD /* UK ResidentTests */,
				845204861AEA4AD600E535FD /* Products */,
			);
			sourceTree = "<group>";
		};
		845204861AEA4AD600E535FD /* Products */ = {
			isa = PBXGroup;
			children = (
				845204851AEA4AD600E535FD /* UK Resident.app */,
				845204A11AEA4AD600E535FD /* UK ResidentTests.xctest */,
			);
			name = Products;
			sourceTree = "<group>";
		};
		845204871AEA4AD600E535FD /* UK Resident */ = {
			isa = PBXGroup;
			children = (
				845204B31AEA4DA500E535FD /* MODEL */,
				845204B21AEA4D9D00E535FD /* VIEW */,
				845204B11AEA4D8600E535FD /* CONTROLLER */,
				845204951AEA4AD600E535FD /* Main.storyboard */,
				845204981AEA4AD600E535FD /* Images.xcassets */,
				8452049A1AEA4AD600E535FD /* LaunchScreen.xib */,
				845204C01AEEE69B00E535FD /* Categories */,
				845204881AEA4AD600E535FD /* Supporting Files */,
			);
			path = "UK Resident";
			sourceTree = "<group>";
		};
		845204881AEA4AD600E535FD /* Supporting Files */ = {
			isa = PBXGroup;
			children = (
				849601711B089B7D00CEA0E7 /* UKNotifications.h */,
				8452048C1AEA4AD600E535FD /* AppDelegate.h */,
				8452048D1AEA4AD600E535FD /* AppDelegate.m */,
				8452048F1AEA4AD600E535FD /* UK_Resident.xcdatamodeld */,
				845204891AEA4AD600E535FD /* Info.plist */,
				8452048A1AEA4AD600E535FD /* main.m */,
			);
			name = "Supporting Files";
			sourceTree = "<group>";
		};
		845204A41AEA4AD600E535FD /* UK ResidentTests */ = {
			isa = PBXGroup;
			children = (
				845204A71AEA4AD600E535FD /* UK_ResidentTests.m */,
				845204A51AEA4AD600E535FD /* Supporting Files */,
			);
			path = "UK ResidentTests";
			sourceTree = "<group>";
		};
		845204A51AEA4AD600E535FD /* Supporting Files */ = {
			isa = PBXGroup;
			children = (
				845204A61AEA4AD600E535FD /* Info.plist */,
			);
			name = "Supporting Files";
			sourceTree = "<group>";
		};
		845204B11AEA4D8600E535FD /* CONTROLLER */ = {
			isa = PBXGroup;
			children = (
				845204E51AF1748200E535FD /* REPORT */,
				845204E71AF174BF00E535FD /* TRIP */,
				845204E81AF174CA00E535FD /* WARNING */,
				845204E61AF174A500E535FD /* CALENDAR */,
			);
			name = CONTROLLER;
			sourceTree = "<group>";
		};
		845204B21AEA4D9D00E535FD /* VIEW */ = {
			isa = PBXGroup;
			children = (
				849601781B08E9E600CEA0E7 /* UKWarningTableHeaderView.xib */,
				8496017D1B08F5BF00CEA0E7 /* UKWarningTableHeaderView.h */,
				8496017E1B08F5BF00CEA0E7 /* UKWarningTableHeaderView.m */,
				84CA158B1AFCD9590065044F /* GraphRoundView.h */,
				84CA158C1AFCD9590065044F /* GraphRoundView.m */,
				847F4C2C1AF5543F00831F11 /* FormButton.h */,
				847F4C2D1AF5543F00831F11 /* FormButton.m */,
				847F4C231AF451F700831F11 /* UKReportCenterMainView.h */,
				847F4C241AF451F700831F11 /* UKReportCenterMainView.m */,
				845204BA1AEE63D500E535FD /* UKCalendarTableView.h */,
				845204BB1AEE63D500E535FD /* UKCalendarTableView.m */,
				845204B71AEE270700E535FD /* UKCalendarWeekCell.h */,
				845204B81AEE270700E535FD /* UKCalendarWeekCell.m */,
				845204C71AEFD3BB00E535FD /* UKCalendarMonthCell.h */,
				845204C81AEFD3BB00E535FD /* UKCalendarMonthCell.m */,
				84B8EAD61B0CC29600B1C1FC /* UKUserTableCell.h */,
				84B8EAD71B0CC29600B1C1FC /* UKUserTableCell.m */,
			);
			name = VIEW;
			sourceTree = "<group>";
		};
		845204B31AEA4DA500E535FD /* MODEL */ = {
			isa = PBXGroup;
			children = (
				8430EBEF1B015A5E00DC1959 /* CoreData */,
				840A817A1AF812BA0025BC6C /* UKLibraryAPI.h */,
				840A817B1AF812BA0025BC6C /* UKLibraryAPI.m */,
				845204BD1AEECE2C00E535FD /* UKCalendarUnit.h */,
				845204BE1AEECE2C00E535FD /* UKCalendarUnit.m */,
				845204C41AEF004900E535FD /* UKCalendarWeek.h */,
				845204C51AEF004900E535FD /* UKCalendarWeek.m */,
			);
			name = MODEL;
			sourceTree = "<group>";
		};
		845204C01AEEE69B00E535FD /* Categories */ = {
			isa = PBXGroup;
			children = (
				8430EC2C1B04B33E00DC1959 /* NSUserDefaults+AccessoryMethods.h */,
				8430EC2D1B04B33E00DC1959 /* NSUserDefaults+AccessoryMethods.m */,
				847F4C2F1AF554A400831F11 /* UIColor+UKResident.h */,
				847F4C301AF554A400831F11 /* UIColor+UKResident.m */,
				847F4C261AF5311500831F11 /* CALayer+RuntimeAttributes.h */,
				847F4C271AF5311500831F11 /* CALayer+RuntimeAttributes.m */,
				845204EC1AF3E83E00E535FD /* NSString+UKResident.h */,
				845204ED1AF3E83E00E535FD /* NSString+UKResident.m */,
				845204D01AF0F5E000E535FD /* UIButton+UKRecord.h */,
				845204D11AF0F5E000E535FD /* UIButton+UKRecord.m */,
				845204CA1AEFDA5E00E535FD /* NSDateFormatter+UKResident.h */,
				845204CB1AEFDA5E00E535FD /* NSDateFormatter+UKResident.m */,
				845204C11AEEE70000E535FD /* NSDate+UKResident.h */,
				845204C21AEEE70000E535FD /* NSDate+UKResident.m */,
			);
			name = Categories;
			sourceTree = "<group>";
		};
		845204E51AF1748200E535FD /* REPORT */ = {
			isa = PBXGroup;
			children = (
				845204E91AF2AD5C00E535FD /* UKReportTopDiagramVC.h */,
				845204EA1AF2AD5C00E535FD /* UKReportTopDiagramVC.m */,
				8430EC1F1B03CDA400DC1959 /* UKReportTopInitialDatePopoverVC.h */,
				8430EC201B03CDA400DC1959 /* UKReportTopInitialDatePopoverVC.m */,
				845204DC1AF117BD00E535FD /* UKReportTopCVC.h */,
				845204DD1AF117BD00E535FD /* UKReportTopCVC.m */,
				845204D91AF1179200E535FD /* UKReportCenterCVC.h */,
				845204DA1AF1179200E535FD /* UKReportCenterCVC.m */,
				845204D61AF1176C00E535FD /* UKReportBottomCVC.h */,
				845204D71AF1176C00E535FD /* UKReportBottomCVC.m */,
				845204D31AF0FFD500E535FD /* UKReportViewController.h */,
				845204D41AF0FFD500E535FD /* UKReportViewController.m */,
			);
			name = REPORT;
			sourceTree = "<group>";
		};
		845204E61AF174A500E535FD /* CALENDAR */ = {
			isa = PBXGroup;
			children = (
				84B8EAD91B0CF50D00B1C1FC /* UKUserEditVC.h */,
				84B8EADA1B0CF50D00B1C1FC /* UKUserEditVC.m */,
				84B8EAD31B0CB8D100B1C1FC /* UKUserPopoverTableVC.h */,
				84B8EAD41B0CB8D100B1C1FC /* UKUserPopoverTableVC.m */,
				845204CD1AF03CA800E535FD /* UKMasterViewController.h */,
				845204CE1AF03CA800E535FD /* UKMasterViewController.m */,
				845204B41AECFD4900E535FD /* UKCalendarTableViewController.h */,
				845204B51AECFD4900E535FD /* UKCalendarTableViewController.m */,
			);
			name = CALENDAR;
			sourceTree = "<group>";
		};
		845204E71AF174BF00E535FD /* TRIP */ = {
			isa = PBXGroup;
			children = (
				8430EBF31B01617500DC1959 /* Form */,
				8430EBFA1B01639700DC1959 /* UKTripTableVC.h */,
				8430EBFB1B01639700DC1959 /* UKTripTableVC.m */,
				845204DF1AF1743F00E535FD /* UKTripViewController.h */,
				845204E01AF1743F00E535FD /* UKTripViewController.m */,
				8430EBF71B01630D00DC1959 /* CoreDataTableViewController.h */,
				8430EBF81B01630D00DC1959 /* CoreDataTableViewController.m */,
			);
			name = TRIP;
			sourceTree = "<group>";
		};
		845204E81AF174CA00E535FD /* WARNING */ = {
			isa = PBXGroup;
			children = (
				8496017A1B08EB3900CEA0E7 /* UKWarningTableVC.h */,
				8496017B1B08EB3900CEA0E7 /* UKWarningTableVC.m */,
				845204E21AF1747300E535FD /* UKWarningViewController.h */,
				845204E31AF1747300E535FD /* UKWarningViewController.m */,
				849601751B08CCE900CEA0E7 /* UKWarningNavigationController.h */,
				849601761B08CCE900CEA0E7 /* UKWarningNavigationController.m */,
			);
			name = WARNING;
			sourceTree = "<group>";
		};
/* End PBXGroup section */

/* Begin PBXNativeTarget section */
		845204841AEA4AD600E535FD /* UK Resident */ = {
			isa = PBXNativeTarget;
			buildConfigurationList = 845204AB1AEA4AD600E535FD /* Build configuration list for PBXNativeTarget "UK Resident" */;
			buildPhases = (
				845204811AEA4AD600E535FD /* Sources */,
				845204821AEA4AD600E535FD /* Frameworks */,
				845204831AEA4AD600E535FD /* Resources */,
			);
			buildRules = (
			);
			dependencies = (
			);
			name = "UK Resident";
			productName = "UK Resident";
			productReference = 845204851AEA4AD600E535FD /* UK Resident.app */;
			productType = "com.apple.product-type.application";
		};
		845204A01AEA4AD600E535FD /* UK ResidentTests */ = {
			isa = PBXNativeTarget;
			buildConfigurationList = 845204AE1AEA4AD600E535FD /* Build configuration list for PBXNativeTarget "UK ResidentTests" */;
			buildPhases = (
				8452049D1AEA4AD600E535FD /* Sources */,
				8452049E1AEA4AD600E535FD /* Frameworks */,
				8452049F1AEA4AD600E535FD /* Resources */,
			);
			buildRules = (
			);
			dependencies = (
				845204A31AEA4AD600E535FD /* PBXTargetDependency */,
			);
			name = "UK ResidentTests";
			productName = "UK ResidentTests";
			productReference = 845204A11AEA4AD600E535FD /* UK ResidentTests.xctest */;
			productType = "com.apple.product-type.bundle.unit-test";
		};
/* End PBXNativeTarget section */

/* Begin PBXProject section */
		8452047D1AEA4AD600E535FD /* Project object */ = {
			isa = PBXProject;
			attributes = {
				LastUpgradeCheck = 0630;
				ORGANIZATIONNAME = Administrator;
				TargetAttributes = {
					845204841AEA4AD600E535FD = {
						CreatedOnToolsVersion = 6.3.1;
						DevelopmentTeam = YHHUWZGPYT;
					};
					845204A01AEA4AD600E535FD = {
						CreatedOnToolsVersion = 6.3.1;
						TestTargetID = 845204841AEA4AD600E535FD;
					};
				};
			};
			buildConfigurationList = 845204801AEA4AD600E535FD /* Build configuration list for PBXProject "UK Resident" */;
			compatibilityVersion = "Xcode 3.2";
			developmentRegion = English;
			hasScannedForEncodings = 0;
			knownRegions = (
				en,
				Base,
			);
			mainGroup = 8452047C1AEA4AD600E535FD;
			productRefGroup = 845204861AEA4AD600E535FD /* Products */;
			projectDirPath = "";
			projectRoot = "";
			targets = (
				845204841AEA4AD600E535FD /* UK Resident */,
				845204A01AEA4AD600E535FD /* UK ResidentTests */,
			);
		};
/* End PBXProject section */

/* Begin PBXResourcesBuildPhase section */
		845204831AEA4AD600E535FD /* Resources */ = {
			isa = PBXResourcesBuildPhase;
			buildActionMask = 2147483647;
			files = (
				845204971AEA4AD600E535FD /* Main.storyboard in Resources */,
				8452049C1AEA4AD600E535FD /* LaunchScreen.xib in Resources */,
				845204991AEA4AD600E535FD /* Images.xcassets in Resources */,
				849601791B08E9E600CEA0E7 /* UKWarningTableHeaderView.xib in Resources */,
			);
			runOnlyForDeploymentPostprocessing = 0;
		};
		8452049F1AEA4AD600E535FD /* Resources */ = {
			isa = PBXResourcesBuildPhase;
			buildActionMask = 2147483647;
			files = (
			);
			runOnlyForDeploymentPostprocessing = 0;
		};
/* End PBXResourcesBuildPhase section */

/* Begin PBXSourcesBuildPhase section */
		845204811AEA4AD600E535FD /* Sources */ = {
			isa = PBXSourcesBuildPhase;
			buildActionMask = 2147483647;
			files = (
				8452048E1AEA4AD600E535FD /* AppDelegate.m in Sources */,
				849601741B08B43F00CEA0E7 /* WarningTrip.m in Sources */,
				8452048B1AEA4AD600E535FD /* main.m in Sources */,
				845204911AEA4AD600E535FD /* UK_Resident.xcdatamodeld in Sources */,
				8496017C1B08EB3900CEA0E7 /* UKWarningTableVC.m in Sources */,
				8430EC211B03CDA400DC1959 /* UKReportTopInitialDatePopoverVC.m in Sources */,
				845204E11AF1743F00E535FD /* UKTripViewController.m in Sources */,
				847F4C2E1AF5543F00831F11 /* FormButton.m in Sources */,
				845204BF1AEECE2C00E535FD /* UKCalendarUnit.m in Sources */,
				8430EC181B02550900DC1959 /* TripFormStartDateVC.m in Sources */,
				8430EC271B03DEF900DC1959 /* User.m in Sources */,
				847F4C341AF55FB400831F11 /* UKTripFormTableViewController.m in Sources */,
				845204EE1AF3E83E00E535FD /* NSString+UKResident.m in Sources */,
				8430EC0C1B01FABD00DC1959 /* Trip.m in Sources */,
				845204BC1AEE63D500E535FD /* UKCalendarTableView.m in Sources */,
				8430EC121B01FAF400DC1959 /* Trip+Create.m in Sources */,
				8430EBF91B01630D00DC1959 /* CoreDataTableViewController.m in Sources */,
				845204EB1AF2AD5C00E535FD /* UKReportTopDiagramVC.m in Sources */,
				845204CC1AEFDA5E00E535FD /* NSDateFormatter+UKResident.m in Sources */,
				845204B61AECFD4900E535FD /* UKCalendarTableViewController.m in Sources */,
				847F4C251AF451F700831F11 /* UKReportCenterMainView.m in Sources */,
				84B8EAD81B0CC29600B1C1FC /* UKUserTableCell.m in Sources */,
				8430EC2E1B04B33E00DC1959 /* NSUserDefaults+AccessoryMethods.m in Sources */,
				847F4C2B1AF553FD00831F11 /* UKTripAddFormViewController.m in Sources */,
				847F4C311AF554A400831F11 /* UIColor+UKResident.m in Sources */,
				8430EC151B02253D00DC1959 /* TempTrip.m in Sources */,
				845204DB1AF1179200E535FD /* UKReportCenterCVC.m in Sources */,
				845204C31AEEE70000E535FD /* NSDate+UKResident.m in Sources */,
				845204E41AF1747300E535FD /* UKWarningViewController.m in Sources */,
				84B8EAD51B0CB8D100B1C1FC /* UKUserPopoverTableVC.m in Sources */,
				8430EC1E1B02554C00DC1959 /* TripFormDestinationVC.m in Sources */,
				845204D81AF1176C00E535FD /* UKReportBottomCVC.m in Sources */,
				8430EC311B04EF1400DC1959 /* UserWithTrip+DeleteRules.m in Sources */,
				8430EBFC1B01639700DC1959 /* UKTripTableVC.m in Sources */,
				847F4C281AF5311500831F11 /* CALayer+RuntimeAttributes.m in Sources */,
				849601771B08CCE900CEA0E7 /* UKWarningNavigationController.m in Sources */,
				845204D51AF0FFD500E535FD /* UKReportViewController.m in Sources */,
				84CA158D1AFCD9590065044F /* GraphRoundView.m in Sources */,
				845204C61AEF004900E535FD /* UKCalendarWeek.m in Sources */,
				84B8EADB1B0CF50D00B1C1FC /* UKUserEditVC.m in Sources */,
				845204C91AEFD3BB00E535FD /* UKCalendarMonthCell.m in Sources */,
				8430EBF21B015AE100DC1959 /* User+Create.m in Sources */,
				845204CF1AF03CA800E535FD /* UKMasterViewController.m in Sources */,
				840A817C1AF812BA0025BC6C /* UKLibraryAPI.m in Sources */,
				8430EC1B1B02552A00DC1959 /* TripFormEndDateVC.m in Sources */,
				845204DE1AF117BD00E535FD /* UKReportTopCVC.m in Sources */,
				845204D21AF0F5E000E535FD /* UIButton+UKRecord.m in Sources */,
				845204B91AEE270700E535FD /* UKCalendarWeekCell.m in Sources */,
				8496017F1B08F5BF00CEA0E7 /* UKWarningTableHeaderView.m in Sources */,
				8430EC0F1B01FABD00DC1959 /* UserWithTrip.m in Sources */,
			);
			runOnlyForDeploymentPostprocessing = 0;
		};
		8452049D1AEA4AD600E535FD /* Sources */ = {
			isa = PBXSourcesBuildPhase;
			buildActionMask = 2147483647;
			files = (
				845204A81AEA4AD600E535FD /* UK_ResidentTests.m in Sources */,
			);
			runOnlyForDeploymentPostprocessing = 0;
		};
/* End PBXSourcesBuildPhase section */

/* Begin PBXTargetDependency section */
		845204A31AEA4AD600E535FD /* PBXTargetDependency */ = {
			isa = PBXTargetDependency;
			target = 845204841AEA4AD600E535FD /* UK Resident */;
			targetProxy = 845204A21AEA4AD600E535FD /* PBXContainerItemProxy */;
		};
/* End PBXTargetDependency section */

/* Begin PBXVariantGroup section */
		845204951AEA4AD600E535FD /* Main.storyboard */ = {
			isa = PBXVariantGroup;
			children = (
				845204961AEA4AD600E535FD /* Base */,
			);
			name = Main.storyboard;
			sourceTree = "<group>";
		};
		8452049A1AEA4AD600E535FD /* LaunchScreen.xib */ = {
			isa = PBXVariantGroup;
			children = (
				8452049B1AEA4AD600E535FD /* Base */,
			);
			name = LaunchScreen.xib;
			sourceTree = "<group>";
		};
/* End PBXVariantGroup section */

/* Begin XCBuildConfiguration section */
		845204A91AEA4AD600E535FD /* Debug */ = {
			isa = XCBuildConfiguration;
			buildSettings = {
				ALWAYS_SEARCH_USER_PATHS = NO;
				CLANG_CXX_LANGUAGE_STANDARD = "gnu++0x";
				CLANG_CXX_LIBRARY = "libc++";
				CLANG_ENABLE_MODULES = YES;
				CLANG_ENABLE_OBJC_ARC = YES;
				CLANG_WARN_BOOL_CONVERSION = YES;
				CLANG_WARN_CONSTANT_CONVERSION = YES;
				CLANG_WARN_DIRECT_OBJC_ISA_USAGE = YES_ERROR;
				CLANG_WARN_EMPTY_BODY = YES;
				CLANG_WARN_ENUM_CONVERSION = YES;
				CLANG_WARN_INT_CONVERSION = YES;
				CLANG_WARN_OBJC_ROOT_CLASS = YES_ERROR;
				CLANG_WARN_UNREACHABLE_CODE = YES;
				CLANG_WARN__DUPLICATE_METHOD_MATCH = YES;
				"CODE_SIGN_IDENTITY[sdk=iphoneos*]" = "iPhone Developer";
				COPY_PHASE_STRIP = NO;
				DEBUG_INFORMATION_FORMAT = "dwarf-with-dsym";
				ENABLE_STRICT_OBJC_MSGSEND = YES;
				GCC_C_LANGUAGE_STANDARD = gnu99;
				GCC_DYNAMIC_NO_PIC = NO;
				GCC_NO_COMMON_BLOCKS = YES;
				GCC_OPTIMIZATION_LEVEL = 0;
				GCC_PREPROCESSOR_DEFINITIONS = (
					"DEBUG=1",
					"$(inherited)",
				);
				GCC_SYMBOLS_PRIVATE_EXTERN = NO;
				GCC_WARN_64_TO_32_BIT_CONVERSION = YES;
				GCC_WARN_ABOUT_RETURN_TYPE = YES_ERROR;
				GCC_WARN_UNDECLARED_SELECTOR = YES;
				GCC_WARN_UNINITIALIZED_AUTOS = YES_AGGRESSIVE;
				GCC_WARN_UNUSED_FUNCTION = YES;
				GCC_WARN_UNUSED_VARIABLE = YES;
				IPHONEOS_DEPLOYMENT_TARGET = 8.3;
				MTL_ENABLE_DEBUG_INFO = YES;
				ONLY_ACTIVE_ARCH = YES;
				SDKROOT = iphoneos;
				TARGETED_DEVICE_FAMILY = 2;
			};
			name = Debug;
		};
		845204AA1AEA4AD600E535FD /* Release */ = {
			isa = XCBuildConfiguration;
			buildSettings = {
				ALWAYS_SEARCH_USER_PATHS = NO;
				CLANG_CXX_LANGUAGE_STANDARD = "gnu++0x";
				CLANG_CXX_LIBRARY = "libc++";
				CLANG_ENABLE_MODULES = YES;
				CLANG_ENABLE_OBJC_ARC = YES;
				CLANG_WARN_BOOL_CONVERSION = YES;
				CLANG_WARN_CONSTANT_CONVERSION = YES;
				CLANG_WARN_DIRECT_OBJC_ISA_USAGE = YES_ERROR;
				CLANG_WARN_EMPTY_BODY = YES;
				CLANG_WARN_ENUM_CONVERSION = YES;
				CLANG_WARN_INT_CONVERSION = YES;
				CLANG_WARN_OBJC_ROOT_CLASS = YES_ERROR;
				CLANG_WARN_UNREACHABLE_CODE = YES;
				CLANG_WARN__DUPLICATE_METHOD_MATCH = YES;
				"CODE_SIGN_IDENTITY[sdk=iphoneos*]" = "iPhone Developer";
				COPY_PHASE_STRIP = NO;
				DEBUG_INFORMATION_FORMAT = "dwarf-with-dsym";
				ENABLE_NS_ASSERTIONS = NO;
				ENABLE_STRICT_OBJC_MSGSEND = YES;
				GCC_C_LANGUAGE_STANDARD = gnu99;
				GCC_NO_COMMON_BLOCKS = YES;
				GCC_WARN_64_TO_32_BIT_CONVERSION = YES;
				GCC_WARN_ABOUT_RETURN_TYPE = YES_ERROR;
				GCC_WARN_UNDECLARED_SELECTOR = YES;
				GCC_WARN_UNINITIALIZED_AUTOS = YES_AGGRESSIVE;
				GCC_WARN_UNUSED_FUNCTION = YES;
				GCC_WARN_UNUSED_VARIABLE = YES;
				IPHONEOS_DEPLOYMENT_TARGET = 8.3;
				MTL_ENABLE_DEBUG_INFO = NO;
				SDKROOT = iphoneos;
				TARGETED_DEVICE_FAMILY = 2;
				VALIDATE_PRODUCT = YES;
			};
			name = Release;
		};
		845204AC1AEA4AD600E535FD /* Debug */ = {
			isa = XCBuildConfiguration;
			buildSettings = {
				ASSETCATALOG_COMPILER_APPICON_NAME = AppIcon;
				CODE_SIGN_IDENTITY = "iPhone Developer";
				"CODE_SIGN_IDENTITY[sdk=iphoneos*]" = "iPhone Developer";
				INFOPLIST_FILE = "UK Resident/Info.plist";
				LD_RUNPATH_SEARCH_PATHS = "$(inherited) @executable_path/Frameworks";
				PRODUCT_NAME = "UK Resident";
				PROVISIONING_PROFILE = "";
			};
			name = Debug;
		};
		845204AD1AEA4AD600E535FD /* Release */ = {
			isa = XCBuildConfiguration;
			buildSettings = {
				ASSETCATALOG_COMPILER_APPICON_NAME = AppIcon;
				CODE_SIGN_IDENTITY = "iPhone Distribution: Sergey Shvedov (YHHUWZGPYT)";
				"CODE_SIGN_IDENTITY[sdk=iphoneos*]" = "iPhone Distribution: Sergey Shvedov (YHHUWZGPYT)";
				INFOPLIST_FILE = "UK Resident/Info.plist";
				LD_RUNPATH_SEARCH_PATHS = "$(inherited) @executable_path/Frameworks";
				PRODUCT_NAME = "UK Resident";
				PROVISIONING_PROFILE = "";
			};
			name = Release;
		};
		845204AF1AEA4AD600E535FD /* Debug */ = {
			isa = XCBuildConfiguration;
			buildSettings = {
				BUNDLE_LOADER = "$(TEST_HOST)";
				FRAMEWORK_SEARCH_PATHS = (
					"$(SDKROOT)/Developer/Library/Frameworks",
					"$(inherited)",
				);
				GCC_PREPROCESSOR_DEFINITIONS = (
					"DEBUG=1",
					"$(inherited)",
				);
				INFOPLIST_FILE = "UK ResidentTests/Info.plist";
				LD_RUNPATH_SEARCH_PATHS = "$(inherited) @executable_path/Frameworks @loader_path/Frameworks";
				PRODUCT_NAME = "$(TARGET_NAME)";
				TEST_HOST = "$(BUILT_PRODUCTS_DIR)/UK Resident.app/UK Resident";
			};
			name = Debug;
		};
		845204B01AEA4AD600E535FD /* Release */ = {
			isa = XCBuildConfiguration;
			buildSettings = {
				BUNDLE_LOADER = "$(TEST_HOST)";
				FRAMEWORK_SEARCH_PATHS = (
					"$(SDKROOT)/Developer/Library/Frameworks",
					"$(inherited)",
				);
				INFOPLIST_FILE = "UK ResidentTests/Info.plist";
				LD_RUNPATH_SEARCH_PATHS = "$(inherited) @executable_path/Frameworks @loader_path/Frameworks";
				PRODUCT_NAME = "$(TARGET_NAME)";
				TEST_HOST = "$(BUILT_PRODUCTS_DIR)/UK Resident.app/UK Resident";
			};
			name = Release;
		};
/* End XCBuildConfiguration section */

/* Begin XCConfigurationList section */
		845204801AEA4AD600E535FD /* Build configuration list for PBXProject "UK Resident" */ = {
			isa = XCConfigurationList;
			buildConfigurations = (
				845204A91AEA4AD600E535FD /* Debug */,
				845204AA1AEA4AD600E535FD /* Release */,
			);
			defaultConfigurationIsVisible = 0;
			defaultConfigurationName = Release;
		};
		845204AB1AEA4AD600E535FD /* Build configuration list for PBXNativeTarget "UK Resident" */ = {
			isa = XCConfigurationList;
			buildConfigurations = (
				845204AC1AEA4AD600E535FD /* Debug */,
				845204AD1AEA4AD600E535FD /* Release */,
			);
			defaultConfigurationIsVisible = 0;
			defaultConfigurationName = Release;
		};
		845204AE1AEA4AD600E535FD /* Build configuration list for PBXNativeTarget "UK ResidentTests" */ = {
			isa = XCConfigurationList;
			buildConfigurations = (
				845204AF1AEA4AD600E535FD /* Debug */,
				845204B01AEA4AD600E535FD /* Release */,
			);
			defaultConfigurationIsVisible = 0;
			defaultConfigurationName = Release;
		};
/* End XCConfigurationList section */

/* Begin XCVersionGroup section */
		8452048F1AEA4AD600E535FD /* UK_Resident.xcdatamodeld */ = {
			isa = XCVersionGroup;
			children = (
				845204901AEA4AD600E535FD /* UK_Resident.xcdatamodel */,
			);
			currentVersion = 845204901AEA4AD600E535FD /* UK_Resident.xcdatamodel */;
			path = UK_Resident.xcdatamodeld;
			sourceTree = "<group>";
			versionGroupType = wrapper.xcdatamodel;
		};
/* End XCVersionGroup section */
	};
	rootObject = 8452047D1AEA4AD600E535FD /* Project object */;
}
